<?xml version="1.0" encoding="utf-8"?>
<Project ToolsVersion="4.0" xmlns="http://schemas.microsoft.com/developer/msbuild/2003">
  <ItemGroup>
    <Filter Include="Исходные файлы">
      <UniqueIdentifier>{4FC737F1-C7A5-4376-A066-2A32D752A2FF}</UniqueIdentifier>
      <Extensions>cpp;c;cc;cxx;c++;cppm;ixx;def;odl;idl;hpj;bat;asm;asmx</Extensions>
    </Filter>
    <Filter Include="Файлы заголовков">
      <UniqueIdentifier>{93995380-89BD-4b04-88EB-625FBE52EBFB}</UniqueIdentifier>
      <Extensions>h;hh;hpp;hxx;h++;hm;inl;inc;ipp;xsd</Extensions>
    </Filter>
    <Filter Include="Файлы ресурсов">
      <UniqueIdentifier>{67DA6AB6-F800-4c08-8B7A-83BB121AAD01}</UniqueIdentifier>
      <Extensions>rc;ico;cur;bmp;dlg;rc2;rct;bin;rgs;gif;jpg;jpeg;jpe;resx;tiff;tif;png;wav;mfcribbon-ms</Extensions>
    </Filter>
    <Filter Include="Файлы заголовков\Engine">
      <UniqueIdentifier>{9fe2d3d5-34a0-4281-8ba9-50530936f1aa}</UniqueIdentifier>
    </Filter>
    <Filter Include="Исходные файлы\Engine">
      <UniqueIdentifier>{429bc556-df03-4406-b320-add666072efe}</UniqueIdentifier>
    </Filter>
    <Filter Include="Файлы заголовков\Screen">
      <UniqueIdentifier>{8a9b07b9-826b-4483-a3c2-1ded65c38bd0}</UniqueIdentifier>
    </Filter>
    <Filter Include="Исходные файлы\Screen">
      <UniqueIdentifier>{4c278397-a0af-4852-91bd-43b140b81a20}</UniqueIdentifier>
    </Filter>
    <Filter Include="Файлы заголовков\Map">
      <UniqueIdentifier>{0dff20d2-2558-42df-af9c-feeae44ca9de}</UniqueIdentifier>
    </Filter>
    <Filter Include="Исходные файлы\Map">
      <UniqueIdentifier>{f5f56707-5937-457d-8eb8-e70e5239a4ea}</UniqueIdentifier>
    </Filter>
    <Filter Include="Файлы заголовков\Utility">
      <UniqueIdentifier>{c6f1f5a3-8a0a-43a2-a549-922b09cda566}</UniqueIdentifier>
    </Filter>
    <Filter Include="Исходные файлы\Utility">
      <UniqueIdentifier>{31439125-ff7b-4238-8316-9767e7005343}</UniqueIdentifier>
    </Filter>
    <Filter Include="Файлы ресурсов\Map">
      <UniqueIdentifier>{1fb6c19e-f2da-47fe-800f-a4e5e1bfb111}</UniqueIdentifier>
    </Filter>
    <Filter Include="Файлы заголовков\Player">
      <UniqueIdentifier>{416f1725-3296-45a2-ac33-27f64e4db1b8}</UniqueIdentifier>
    </Filter>
    <Filter Include="Исходные файлы\Player">
      <UniqueIdentifier>{54279e5e-073c-4396-8d1a-ea17dd359eed}</UniqueIdentifier>
    </Filter>
    <Filter Include="Файлы ресурсов\Entry">
      <UniqueIdentifier>{3a2df0ba-2fe2-4c73-bda6-136317944d46}</UniqueIdentifier>
    </Filter>
    <Filter Include="Файлы заголовков\Data">
      <UniqueIdentifier>{b981d8b5-7bfd-49b3-a024-861d9d4573ab}</UniqueIdentifier>
    </Filter>
    <Filter Include="Файлы заголовков\UI">
      <UniqueIdentifier>{5d928cc4-06fb-4862-99ba-7bde09ce5075}</UniqueIdentifier>
    </Filter>
    <Filter Include="Исходные файлы\UI">
      <UniqueIdentifier>{28092ce1-a597-483b-910a-23b79efcb9ad}</UniqueIdentifier>
    </Filter>
  </ItemGroup>
  <ItemGroup>
    <ClInclude Include="engine.h">
      <Filter>Файлы заголовков\Engine</Filter>
    </ClInclude>
    <ClInclude Include="screen.h">
      <Filter>Файлы заголовков\Screen</Filter>
    </ClInclude>
    <ClInclude Include="game_state.h">
      <Filter>Файлы заголовков\Engine</Filter>
    </ClInclude>
    <ClInclude Include="menu_screen.h">
      <Filter>Файлы заголовков\Screen</Filter>
    </ClInclude>
    <ClInclude Include="explore_screen.h">
      <Filter>Файлы заголовков\Screen</Filter>
    </ClInclude>
    <ClInclude Include="screen_manager.h">
      <Filter>Файлы заголовков\Screen</Filter>
    </ClInclude>
    <ClInclude Include="location.h">
      <Filter>Файлы заголовков\Map</Filter>
    </ClInclude>
    <ClInclude Include="game_data.h">
      <Filter>Файлы заголовков\Engine</Filter>
    </ClInclude>
    <ClInclude Include="ini_parser.h">
      <Filter>Файлы заголовков\Utility</Filter>
    </ClInclude>
    <ClInclude Include="map.h">
      <Filter>Файлы заголовков\Map</Filter>
    </ClInclude>
    <ClInclude Include="map_manager.h">
      <Filter>Файлы заголовков\Map</Filter>
    </ClInclude>
    <ClInclude Include="player.h">
      <Filter>Файлы заголовков\Player</Filter>
    </ClInclude>
    <ClInclude Include="map_converter.h">
      <Filter>Файлы заголовков\Utility</Filter>
    </ClInclude>
    <ClInclude Include="map_entry.h">
      <Filter>Файлы заголовков\Map</Filter>
    </ClInclude>
    <ClInclude Include="map_symbols.h">
      <Filter>Файлы заголовков\Data</Filter>
    </ClInclude>
    <ClInclude Include="console_ui.h">
      <Filter>Файлы заголовков\UI</Filter>
    </ClInclude>
    <ClInclude Include="create_player_screen.h">
      <Filter>Файлы заголовков\Screen</Filter>
    </ClInclude>
    <ClInclude Include="rp_stats.h">
      <Filter>Файлы заголовков\Player</Filter>
    </ClInclude>
  </ItemGroup>
  <ItemGroup>
    <ClCompile Include="engine.cpp">
      <Filter>Исходные файлы\Engine</Filter>
    </ClCompile>
    <ClCompile Include="main.cpp">
      <Filter>Исходные файлы\Engine</Filter>
    </ClCompile>
    <ClCompile Include="game_state.cpp">
      <Filter>Исходные файлы\Engine</Filter>
    </ClCompile>
    <ClCompile Include="screen_manager.cpp">
      <Filter>Исходные файлы\Screen</Filter>
    </ClCompile>
    <ClCompile Include="menu_screen.cpp">
      <Filter>Исходные файлы\Screen</Filter>
    </ClCompile>
    <ClCompile Include="explore_screen.cpp">
      <Filter>Исходные файлы\Screen</Filter>
    </ClCompile>
    <ClCompile Include="location.cpp">
      <Filter>Исходные файлы\Map</Filter>
    </ClCompile>
    <ClCompile Include="ini_parser.cpp">
      <Filter>Исходные файлы\Utility</Filter>
    </ClCompile>
    <ClCompile Include="map.cpp">
      <Filter>Исходные файлы\Map</Filter>
    </ClCompile>
    <ClCompile Include="map_manager.cpp">
      <Filter>Исходные файлы\Map</Filter>
    </ClCompile>
    <ClCompile Include="player.cpp">
      <Filter>Исходные файлы\Player</Filter>
    </ClCompile>
    <ClCompile Include="map_converter.cpp">
      <Filter>Исходные файлы\Utility</Filter>
    </ClCompile>
    <ClCompile Include="map_entry.cpp">
      <Filter>Исходные файлы\Map</Filter>
    </ClCompile>
    <ClCompile Include="console_ui.cpp">
      <Filter>Исходные файлы\UI</Filter>
    </ClCompile>
    <ClCompile Include="create_player_screen.cpp">
      <Filter>Исходные файлы\Screen</Filter>
    </ClCompile>
    <ClCompile Include="rp_stats.cpp">
      <Filter>Исходные файлы\Player</Filter>
    </ClCompile>
  </ItemGroup>
  <ItemGroup>
    <None Include="data\maps\map_0.ini">
      <Filter>Файлы ресурсов\Map</Filter>
    </None>
    <None Include="data\entries.ini">
      <Filter>Файлы ресурсов\Entry</Filter>
    </None>
    <None Include="data\player.ini">
      <Filter>Файлы ресурсов</Filter>
    </None>
  </ItemGroup>
</Project>